
Microsoft Visual Studio Solution File, Format Version 12.00
# Visual Studio Version 17
VisualStudioVersion = 17.10.35122.118
MinimumVisualStudioVersion = 10.0.40219.1
Project("{9092AA53-FB77-4645-B42D-1CCCA6BD08BD}") = "LeetForcesJS", "LeetForcesJS\LeetForcesJS.njsproj", "{1F3B02DF-4A2B-4BB2-A590-3DDFCACB3C70}"
EndProject
Global
	GlobalSection(SolutionConfigurationPlatforms) = preSolution
		Debug|Any CPU = Debug|Any CPU
		Release|Any CPU = Release|Any CPU
	EndGlobalSection
	GlobalSection(ProjectConfigurationPlatforms) = postSolution
		{1F3B02DF-4A2B-4BB2-A590-3DDFCACB3C70}.Debug|Any CPU.ActiveCfg = Debug|Any CPU
		{1F3B02DF-4A2B-4BB2-A590-3DDFCACB3C70}.Debug|Any CPU.Build.0 = Debug|Any CPU
		{1F3B02DF-4A2B-4BB2-A590-3DDFCACB3C70}.Release|Any CPU.ActiveCfg = Release|Any CPU
		{1F3B02DF-4A2B-4BB2-A590-3DDFCACB3C70}.Release|Any CPU.Build.0 = Release|Any CPU
	EndGlobalSection
	GlobalSection(SolutionProperties) = preSolution
		HideSolutionNode = FALSE
	EndGlobalSection
	GlobalSection(ExtensibilityGlobals) = postSolution
		SolutionGuid = {42E8B019-CCA1-4EEF-A0D7-B1C5D37325BC}
	EndGlobalSection
EndGlobal
